
Microsoft Visual Studio Solution File, Format Version 12.00
# Visual Studio Version 17
VisualStudioVersion = 17.0.31903.59
MinimumVisualStudioVersion = 10.0.40219.1
Project("{FAE04EC0-301F-11D3-BF4B-00C04F79EFBC}") = "OrderManager", "OrderManager\OrderManager.csproj", "{8934E95F-72A5-4898-A31F-42A6A2BBF89E}"
EndProject
Global
	GlobalSection(SolutionConfigurationPlatforms) = preSolution
		Debug|Any CPU = Debug|Any CPU
		Release|Any CPU = Release|Any CPU
	EndGlobalSection
	GlobalSection(ProjectConfigurationPlatforms) = postSolution
		{8934E95F-72A5-4898-A31F-42A6A2BBF89E}.Debug|Any CPU.ActiveCfg = Debug|Any CPU
		{8934E95F-72A5-4898-A31F-42A6A2BBF89E}.Debug|Any CPU.Build.0 = Debug|Any CPU
		{8934E95F-72A5-4898-A31F-42A6A2BBF89E}.Release|Any CPU.ActiveCfg = Release|Any CPU
		{8934E95F-72A5-4898-A31F-42A6A2BBF89E}.Release|Any CPU.Build.0 = Release|Any CPU
	EndGlobalSection
	GlobalSection(SolutionProperties) = preSolution
		HideSolutionNode = FALSE
	EndGlobalSection
	GlobalSection(ExtensibilityGlobals) = postSolution
		SolutionGuid = {8D7C696B-4830-4940-A81C-CEEB13CFFC5B}
	EndGlobalSection
EndGlobal
